
Microsoft Visual Studio Solution File, Format Version 12.00
# Visual Studio Version 17
VisualStudioVersion = 17.13.35828.75 d17.13
MinimumVisualStudioVersion = 10.0.40219.1
Project("{FAE04EC0-301F-11D3-BF4B-00C04F79EFBC}") = "KlantenSim_UI_WPF", "KlantenSimUI\KlantenSim_UI_WPF.csproj", "{B7D1D921-3F69-42CD-B4A4-305F3033067D}"
EndProject
Project("{FAE04EC0-301F-11D3-BF4B-00C04F79EFBC}") = "KlantenSim_BL", "KlantenSimBL\KlantenSim_BL.csproj", "{AF3731A9-F66F-44AF-BB52-3568D07570D7}"
EndProject
Project("{FAE04EC0-301F-11D3-BF4B-00C04F79EFBC}") = "KlantenSim_DL", "KlantenSimDL\KlantenSim_DL.csproj", "{4C9C922B-003D-44DE-A179-90DCD8A564EC}"
EndProject
Project("{FAE04EC0-301F-11D3-BF4B-00C04F79EFBC}") = "KlantenSim_UI_ConsoleApp", "KlantenSim_ConsoleApp\KlantenSim_UI_ConsoleApp.csproj", "{EACAE03C-3737-4BCB-B1F2-72CBBD17A874}"
EndProject
Global
	GlobalSection(SolutionConfigurationPlatforms) = preSolution
		Debug|Any CPU = Debug|Any CPU
		Release|Any CPU = Release|Any CPU
	EndGlobalSection
	GlobalSection(ProjectConfigurationPlatforms) = postSolution
		{B7D1D921-3F69-42CD-B4A4-305F3033067D}.Debug|Any CPU.ActiveCfg = Debug|Any CPU
		{B7D1D921-3F69-42CD-B4A4-305F3033067D}.Debug|Any CPU.Build.0 = Debug|Any CPU
		{B7D1D921-3F69-42CD-B4A4-305F3033067D}.Release|Any CPU.ActiveCfg = Release|Any CPU
		{B7D1D921-3F69-42CD-B4A4-305F3033067D}.Release|Any CPU.Build.0 = Release|Any CPU
		{AF3731A9-F66F-44AF-BB52-3568D07570D7}.Debug|Any CPU.ActiveCfg = Debug|Any CPU
		{AF3731A9-F66F-44AF-BB52-3568D07570D7}.Debug|Any CPU.Build.0 = Debug|Any CPU
		{AF3731A9-F66F-44AF-BB52-3568D07570D7}.Release|Any CPU.ActiveCfg = Release|Any CPU
		{AF3731A9-F66F-44AF-BB52-3568D07570D7}.Release|Any CPU.Build.0 = Release|Any CPU
		{4C9C922B-003D-44DE-A179-90DCD8A564EC}.Debug|Any CPU.ActiveCfg = Debug|Any CPU
		{4C9C922B-003D-44DE-A179-90DCD8A564EC}.Debug|Any CPU.Build.0 = Debug|Any CPU
		{4C9C922B-003D-44DE-A179-90DCD8A564EC}.Release|Any CPU.ActiveCfg = Release|Any CPU
		{4C9C922B-003D-44DE-A179-90DCD8A564EC}.Release|Any CPU.Build.0 = Release|Any CPU
		{EACAE03C-3737-4BCB-B1F2-72CBBD17A874}.Debug|Any CPU.ActiveCfg = Debug|Any CPU
		{EACAE03C-3737-4BCB-B1F2-72CBBD17A874}.Debug|Any CPU.Build.0 = Debug|Any CPU
		{EACAE03C-3737-4BCB-B1F2-72CBBD17A874}.Release|Any CPU.ActiveCfg = Release|Any CPU
		{EACAE03C-3737-4BCB-B1F2-72CBBD17A874}.Release|Any CPU.Build.0 = Release|Any CPU
	EndGlobalSection
	GlobalSection(SolutionProperties) = preSolution
		HideSolutionNode = FALSE
	EndGlobalSection
	GlobalSection(ExtensibilityGlobals) = postSolution
		SolutionGuid = {714E3FE4-25A5-4654-913D-0CEA43F5B0F4}
	EndGlobalSection
EndGlobal
